// !$*UTF8*$!
{
	archiveVersion = 1;
	classes = {
	};
	objectVersion = 46;
	objects = {

/* Begin PBXBuildFile section */
		FF82F37915150DE400C60701 /* UIKit.framework in Frameworks */ = {isa = PBXBuildFile; fileRef = FF82F37815150DE400C60701 /* UIKit.framework */; };
		FF82F37B15150DE400C60701 /* Foundation.framework in Frameworks */ = {isa = PBXBuildFile; fileRef = FF82F37A15150DE400C60701 /* Foundation.framework */; };
		FF82F37D15150DE400C60701 /* CoreGraphics.framework in Frameworks */ = {isa = PBXBuildFile; fileRef = FF82F37C15150DE400C60701 /* CoreGraphics.framework */; };
		FF82F38315150DE400C60701 /* InfoPlist.strings in Resources */ = {isa = PBXBuildFile; fileRef = FF82F38115150DE400C60701 /* InfoPlist.strings */; };
		FF82F38515150DE400C60701 /* main.m in Sources */ = {isa = PBXBuildFile; fileRef = FF82F38415150DE400C60701 /* main.m */; };
		FF82F38915150DE400C60701 /* AppDelegate.m in Sources */ = {isa = PBXBuildFile; fileRef = FF82F38815150DE400C60701 /* AppDelegate.m */; };
		FF82F38C15150DE400C60701 /* MainStoryboard.storyboard in Resources */ = {isa = PBXBuildFile; fileRef = FF82F38A15150DE400C60701 /* MainStoryboard.storyboard */; };
		FF82F38F15150DE400C60701 /* FirstViewController.m in Sources */ = {isa = PBXBuildFile; fileRef = FF82F38E15150DE400C60701 /* FirstViewController.m */; };
		FF82F39115150DE400C60701 /* first.png in Resources */ = {isa = PBXBuildFile; fileRef = FF82F39015150DE400C60701 /* first.png */; };
		FF82F39315150DE400C60701 /* first@2x.png in Resources */ = {isa = PBXBuildFile; fileRef = FF82F39215150DE400C60701 /* first@2x.png */; };
		FF82F39615150DE400C60701 /* SecondViewController.m in Sources */ = {isa = PBXBuildFile; fileRef = FF82F39515150DE400C60701 /* SecondViewController.m */; };
		FF82F39815150DE400C60701 /* second.png in Resources */ = {isa = PBXBuildFile; fileRef = FF82F39715150DE400C60701 /* second.png */; };
		FF82F39A15150DE400C60701 /* second@2x.png in Resources */ = {isa = PBXBuildFile; fileRef = FF82F39915150DE400C60701 /* second@2x.png */; };
/* End PBXBuildFile section */

/* Begin PBXFileReference section */
		FF82F37415150DE400C60701 /* test.app */ = {isa = PBXFileReference; explicitFileType = wrapper.application; includeInIndex = 0; path = test.app; sourceTree = BUILT_PRODUCTS_DIR; };
		FF82F37815150DE400C60701 /* UIKit.framework */ = {isa = PBXFileReference; lastKnownFileType = wrapper.framework; name = UIKit.framework; path = System/Library/Frameworks/UIKit.framework; sourceTree = SDKROOT; };
		FF82F37A15150DE400C60701 /* Foundation.framework */ = {isa = PBXFileReference; lastKnownFileType = wrapper.framework; name = Foundation.framework; path = System/Library/Frameworks/Foundation.framework; sourceTree = SDKROOT; };
		FF82F37C15150DE400C60701 /* CoreGraphics.framework */ = {isa = PBXFileReference; lastKnownFileType = wrapper.framework; name = CoreGraphics.framework; path = System/Library/Frameworks/CoreGraphics.framework; sourceTree = SDKROOT; };
		FF82F38015150DE400C60701 /* test-Info.plist */ = {isa = PBXFileReference; lastKnownFileType = text.plist.xml; path = "test-Info.plist"; sourceTree = "<group>"; };
		FF82F38215150DE400C60701 /* en */ = {isa = PBXFileReference; lastKnownFileType = text.plist.strings; name = en; path = en.lproj/InfoPlist.strings; sourceTree = "<group>"; };
		FF82F38415150DE400C60701 /* main.m */ = {isa = PBXFileReference; lastKnownFileType = sourcecode.c.objc; path = main.m; sourceTree = "<group>"; };
		FF82F38615150DE400C60701 /* test-Prefix.pch */ = {isa = PBXFileReference; lastKnownFileType = sourcecode.c.h; path = "test-Prefix.pch"; sourceTree = "<group>"; };
		FF82F38715150DE400C60701 /* AppDelegate.h */ = {isa = PBXFileReference; lastKnownFileType = sourcecode.c.h; path = AppDelegate.h; sourceTree = "<group>"; };
		FF82F38815150DE400C60701 /* AppDelegate.m */ = {isa = PBXFileReference; lastKnownFileType = sourcecode.c.objc; path = AppDelegate.m; sourceTree = "<group>"; };
		FF82F38B15150DE400C60701 /* en */ = {isa = PBXFileReference; lastKnownFileType = file.storyboard; name = en; path = en.lproj/MainStoryboard.storyboard; sourceTree = "<group>"; };
		FF82F38D15150DE400C60701 /* FirstViewController.h */ = {isa = PBXFileReference; lastKnownFileType = sourcecode.c.h; path = FirstViewController.h; sourceTree = "<group>"; };
		FF82F38E15150DE400C60701 /* FirstViewController.m */ = {isa = PBXFileReference; lastKnownFileType = sourcecode.c.objc; path = FirstViewController.m; sourceTree = "<group>"; };
		FF82F39015150DE400C60701 /* first.png */ = {isa = PBXFileReference; lastKnownFileType = image.png; path = first.png; sourceTree = "<group>"; };
		FF82F39215150DE400C60701 /* first@2x.png */ = {isa = PBXFileReference; lastKnownFileType = image.png; path = "first@2x.png"; sourceTree = "<group>"; };
		FF82F39415150DE400C60701 /* SecondViewController.h */ = {isa = PBXFileReference; lastKnownFileType = sourcecode.c.h; path = SecondViewController.h; sourceTree = "<group>"; };
		FF82F39515150DE400C60701 /* SecondViewController.m */ = {isa = PBXFileReference; lastKnownFileType = sourcecode.c.objc; path = SecondViewController.m; sourceTree = "<group>"; };
		FF82F39715150DE400C60701 /* second.png */ = {isa = PBXFileReference; lastKnownFileType = image.png; path = second.png; sourceTree = "<group>"; };
		FF82F39915150DE400C60701 /* second@2x.png */ = {isa = PBXFileReference; lastKnownFileType = image.png; path = "second@2x.png"; sourceTree = "<group>"; };
/* End PBXFileReference section */

/* Begin PBXFrameworksBuildPhase section */
		FF82F37115150DE400C60701 /* Frameworks */ = {
			isa = PBXFrameworksBuildPhase;
			buildActionMask = 2147483647;
			files = (
				FF82F37915150DE400C60701 /* UIKit.framework in Frameworks */,
				FF82F37B15150DE400C60701 /* Foundation.framework in Frameworks */,
				FF82F37D15150DE400C60701 /* CoreGraphics.framework in Frameworks */,
			);
			runOnlyForDeploymentPostprocessing = 0;
		};
/* End PBXFrameworksBuildPhase section */

/* Begin PBXGroup section */
		FF82F36915150DE400C60701 = {
			isa = PBXGroup;
			children = (
				FF82F37E15150DE400C60701 /* test */,
				FF82F37715150DE400C60701 /* Frameworks */,
				FF82F37515150DE400C60701 /* Products */,
			);
			sourceTree = "<group>";
		};
		FF82F37515150DE400C60701 /* Products */ = {
			isa = PBXGroup;
			children = (
				FF82F37415150DE400C60701 /* test.app */,
			);
			name = Products;
			sourceTree = "<group>";
		};
		FF82F37715150DE400C60701 /* Frameworks */ = {
			isa = PBXGroup;
			children = (
				FF82F37815150DE400C60701 /* UIKit.framework */,
				FF82F37A15150DE400C60701 /* Foundation.framework */,
				FF82F37C15150DE400C60701 /* CoreGraphics.framework */,
			);
			name = Frameworks;
			sourceTree = "<group>";
		};
		FF82F37E15150DE400C60701 /* test */ = {
			isa = PBXGroup;
			children = (
				FF82F38715150DE400C60701 /* AppDelegate.h */,
				FF82F38815150DE400C60701 /* AppDelegate.m */,
				FF82F38A15150DE400C60701 /* MainStoryboard.storyboard */,
				FF82F38D15150DE400C60701 /* FirstViewController.h */,
				FF82F38E15150DE400C60701 /* FirstViewController.m */,
				FF82F39015150DE400C60701 /* first.png */,
				FF82F39215150DE400C60701 /* first@2x.png */,
				FF82F39415150DE400C60701 /* SecondViewController.h */,
				FF82F39515150DE400C60701 /* SecondViewController.m */,
				FF82F39715150DE400C60701 /* second.png */,
				FF82F39915150DE400C60701 /* second@2x.png */,
				FF82F37F15150DE400C60701 /* Supporting Files */,
			);
			path = test;
			sourceTree = "<group>";
		};
		FF82F37F15150DE400C60701 /* Supporting Files */ = {
			isa = PBXGroup;
			children = (
				FF82F38015150DE400C60701 /* test-Info.plist */,
				FF82F38115150DE400C60701 /* InfoPlist.strings */,
				FF82F38415150DE400C60701 /* main.m */,
				FF82F38615150DE400C60701 /* test-Prefix.pch */,
			);
			name = "Supporting Files";
			sourceTree = "<group>";
		};
/* End PBXGroup section */

/* Begin PBXNativeTarget section */
		FF82F37315150DE400C60701 /* test */ = {
			isa = PBXNativeTarget;
			buildConfigurationList = FF82F39D15150DE400C60701 /* Build configuration list for PBXNativeTarget "test" */;
			buildPhases = (
				FF82F37015150DE400C60701 /* Sources */,
				FF82F37115150DE400C60701 /* Frameworks */,
				FF82F37215150DE400C60701 /* Resources */,
			);
			buildRules = (
			);
			dependencies = (
			);
			name = test;
			productName = test;
			productReference = FF82F37415150DE400C60701 /* test.app */;
			productType = "com.apple.product-type.application";
		};
/* End PBXNativeTarget section */

/* Begin PBXProject section */
		FF82F36B15150DE400C60701 /* Project object */ = {
			isa = PBXProject;
			attributes = {
				LastUpgradeCheck = 0430;
			};
			buildConfigurationList = FF82F36E15150DE400C60701 /* Build configuration list for PBXProject "test" */;
			compatibilityVersion = "Xcode 3.2";
			developmentRegion = English;
			hasScannedForEncodings = 0;
			knownRegions = (
				en,
			);
			mainGroup = FF82F36915150DE400C60701;
			productRefGroup = FF82F37515150DE400C60701 /* Products */;
			projectDirPath = "";
			projectRoot = "";
			targets = (
				FF82F37315150DE400C60701 /* test */,
			);
		};
/* End PBXProject section */

/* Begin PBXResourcesBuildPhase section */
		FF82F37215150DE400C60701 /* Resources */ = {
			isa = PBXResourcesBuildPhase;
			buildActionMask = 2147483647;
			files = (
				FF82F38315150DE400C60701 /* InfoPlist.strings in Resources */,
				FF82F38C15150DE400C60701 /* MainStoryboard.storyboard in Resources */,
				FF82F39115150DE400C60701 /* first.png in Resources */,
				FF82F39315150DE400C60701 /* first@2x.png in Resources */,
				FF82F39815150DE400C60701 /* second.png in Resources */,
				FF82F39A15150DE400C60701 /* second@2x.png in Resources */,
			);
			runOnlyForDeploymentPostprocessing = 0;
		};
/* End PBXResourcesBuildPhase section */

/* Begin PBXSourcesBuildPhase section */
		FF82F37015150DE400C60701 /* Sources */ = {
			isa = PBXSourcesBuildPhase;
			buildActionMask = 2147483647;
			files = (
				FF82F38515150DE400C60701 /* main.m in Sources */,
				FF82F38915150DE400C60701 /* AppDelegate.m in Sources */,
				FF82F38F15150DE400C60701 /* FirstViewController.m in Sources */,
				FF82F39615150DE400C60701 /* SecondViewController.m in Sources */,
			);
			runOnlyForDeploymentPostprocessing = 0;
		};
/* End PBXSourcesBuildPhase section */

/* Begin PBXVariantGroup section */
		FF82F38115150DE400C60701 /* InfoPlist.strings */ = {
			isa = PBXVariantGroup;
			children = (
				FF82F38215150DE400C60701 /* en */,
			);
			name = InfoPlist.strings;
			sourceTree = "<group>";
		};
		FF82F38A15150DE400C60701 /* MainStoryboard.storyboard */ = {
			isa = PBXVariantGroup;
			children = (
				FF82F38B15150DE400C60701 /* en */,
			);
			name = MainStoryboard.storyboard;
			sourceTree = "<group>";
		};
/* End PBXVariantGroup section */

/* Begin XCBuildConfiguration section */
		FF82F39B15150DE400C60701 /* Debug */ = {
			isa = XCBuildConfiguration;
			buildSettings = {
				ALWAYS_SEARCH_USER_PATHS = NO;
				ARCHS = "$(ARCHS_STANDARD_32_BIT)";
				CLANG_ENABLE_OBJC_ARC = YES;
				"CODE_SIGN_IDENTITY[sdk=iphoneos*]" = "iPhone Developer";
				COPY_PHASE_STRIP = NO;
				GCC_C_LANGUAGE_STANDARD = gnu99;
				GCC_DYNAMIC_NO_PIC = NO;
				GCC_OPTIMIZATION_LEVEL = 0;
				GCC_PREPROCESSOR_DEFINITIONS = (
					"DEBUG=1",
					"$(inherited)",
				);
				GCC_SYMBOLS_PRIVATE_EXTERN = NO;
				GCC_VERSION = com.apple.compilers.llvm.clang.1_0;
				GCC_WARN_ABOUT_RETURN_TYPE = YES;
				GCC_WARN_UNINITIALIZED_AUTOS = YES;
				GCC_WARN_UNUSED_VARIABLE = YES;
				IPHONEOS_DEPLOYMENT_TARGET = 5.1;
				SDKROOT = iphoneos;
			};
			name = Debug;
		};
		FF82F39C15150DE400C60701 /* Release */ = {
			isa = XCBuildConfiguration;
			buildSettings = {
				ALWAYS_SEARCH_USER_PATHS = NO;
				ARCHS = "$(ARCHS_STANDARD_32_BIT)";
				CLANG_ENABLE_OBJC_ARC = YES;
				"CODE_SIGN_IDENTITY[sdk=iphoneos*]" = "iPhone Developer";
				COPY_PHASE_STRIP = YES;
				GCC_C_LANGUAGE_STANDARD = gnu99;
				GCC_VERSION = com.apple.compilers.llvm.clang.1_0;
				GCC_WARN_ABOUT_RETURN_TYPE = YES;
				GCC_WARN_UNINITIALIZED_AUTOS = YES;
				GCC_WARN_UNUSED_VARIABLE = YES;
				IPHONEOS_DEPLOYMENT_TARGET = 5.1;
				OTHER_CFLAGS = "-DNS_BLOCK_ASSERTIONS=1";
				SDKROOT = iphoneos;
				VALIDATE_PRODUCT = YES;
			};
			name = Release;
		};
		FF82F39E15150DE400C60701 /* Debug */ = {
			isa = XCBuildConfiguration;
			buildSettings = {
				GCC_PRECOMPILE_PREFIX_HEADER = YES;
				GCC_PREFIX_HEADER = "test/test-Prefix.pch";
				INFOPLIST_FILE = "test/test-Info.plist";
				PRODUCT_NAME = "$(TARGET_NAME)";
				WRAPPER_EXTENSION = app;
			};
			name = Debug;
		};
		FF82F39F15150DE400C60701 /* Release */ = {
			isa = XCBuildConfiguration;
			buildSettings = {
				GCC_PRECOMPILE_PREFIX_HEADER = YES;
				GCC_PREFIX_HEADER = "test/test-Prefix.pch";
				INFOPLIST_FILE = "test/test-Info.plist";
				PRODUCT_NAME = "$(TARGET_NAME)";
				WRAPPER_EXTENSION = app;
			};
			name = Release;
		};
/* End XCBuildConfiguration section */

/* Begin XCConfigurationList section */
		FF82F36E15150DE400C60701 /* Build configuration list for PBXProject "test" */ = {
			isa = XCConfigurationList;
			buildConfigurations = (
				FF82F39B15150DE400C60701 /* Debug */,
				FF82F39C15150DE400C60701 /* Release */,
			);
			defaultConfigurationIsVisible = 0;
			defaultConfigurationName = Release;
		};
		FF82F39D15150DE400C60701 /* Build configuration list for PBXNativeTarget "test" */ = {
			isa = XCConfigurationList;
			buildConfigurations = (
				FF82F39E15150DE400C60701 /* Debug */,
				FF82F39F15150DE400C60701 /* Release */,
			);
			defaultConfigurationIsVisible = 0;
		};
/* End XCConfigurationList section */
	};
	rootObject = FF82F36B15150DE400C60701 /* Project object */;
}
